PODS:
  - Flutter (1.0.0)
  - flutter_realm (0.0.3):
    - Flutter
    - Realm (~> 3.17.3)
  - Realm (3.17.3):
    - Realm/Headers (= 3.17.3)
  - Realm/Headers (3.17.3)

DEPENDENCIES:
  - Flutter (from `.symlinks/flutter/ios`)
  - flutter_realm (from `.symlinks/plugins/flutter_realm/ios`)

SPEC REPOS:
  https://github.com/cocoapods/specs.git:
    - Realm

EXTERNAL SOURCES:
  Flutter:
    :path: ".symlinks/flutter/ios"
  flutter_realm:
    :path: ".symlinks/plugins/flutter_realm/ios"

SPEC CHECKSUMS:
  Flutter: 58dd7d1b27887414a370fcccb9e645c08ffd7a6a
  flutter_realm: 7b3a17c9fbffb7782d48116e67ee5c5d42bd7d2f
  Realm: 5a1d9d47bfc101dd597668b1a8af4288a2557f6d

PODFILE CHECKSUM: aff02bfeed411c636180d6812254b2daeea14d09

COCOAPODS: 1.7.5
